// !$*UTF8*$!
{
	archiveVersion = 1;
	classes = {
	};
	objectVersion = 56;
	objects = {

/* Begin PBXBuildFile section */
		05F0D51E2CE896F200ADDC8E /* AppDelegate.swift in Sources */ = {isa = PBXBuildFile; fileRef = 05F0D51D2CE896F200ADDC8E /* AppDelegate.swift */; };
		05F0D5202CE896F200ADDC8E /* SceneDelegate.swift in Sources */ = {isa = PBXBuildFile; fileRef = 05F0D51F2CE896F200ADDC8E /* SceneDelegate.swift */; };
		05F0D5252CE896F200ADDC8E /* Base in Resources */ = {isa = PBXBuildFile; fileRef = 05F0D5242CE896F200ADDC8E /* Base */; };
		05F0D5272CE896F400ADDC8E /* Assets.xcassets in Resources */ = {isa = PBXBuildFile; fileRef = 05F0D5262CE896F400ADDC8E /* Assets.xcassets */; };
		05F0D52A2CE896F400ADDC8E /* Base in Resources */ = {isa = PBXBuildFile; fileRef = 05F0D5292CE896F400ADDC8E /* Base */; };
		05F0D5352CE896F500ADDC8E /* HoldingsManagerTests.swift in Sources */ = {isa = PBXBuildFile; fileRef = 05F0D5342CE896F500ADDC8E /* HoldingsManagerTests.swift */; };
		05F0D53F2CE896F500ADDC8E /* HoldingsManagerUITests.swift in Sources */ = {isa = PBXBuildFile; fileRef = 05F0D53E2CE896F500ADDC8E /* HoldingsManagerUITests.swift */; };
		05F0D5412CE896F500ADDC8E /* HoldingsManagerUITestsLaunchTests.swift in Sources */ = {isa = PBXBuildFile; fileRef = 05F0D5402CE896F500ADDC8E /* HoldingsManagerUITestsLaunchTests.swift */; };
		05F0D54E2CE8A16500ADDC8E /* HoldingsManagerViewController.swift in Sources */ = {isa = PBXBuildFile; fileRef = 05F0D54D2CE8A16500ADDC8E /* HoldingsManagerViewController.swift */; };
		05F0D5502CE8A16F00ADDC8E /* HoldingsManagerViewModel.swift in Sources */ = {isa = PBXBuildFile; fileRef = 05F0D54F2CE8A16F00ADDC8E /* HoldingsManagerViewModel.swift */; };
		05F0D5522CE8A18B00ADDC8E /* HoldingsValueBottomsheet.swift in Sources */ = {isa = PBXBuildFile; fileRef = 05F0D5512CE8A18B00ADDC8E /* HoldingsValueBottomsheet.swift */; };
		05F0D5542CE8A19F00ADDC8E /* HoldingsCell.swift in Sources */ = {isa = PBXBuildFile; fileRef = 05F0D5532CE8A19F00ADDC8E /* HoldingsCell.swift */; };
		05F0D5562CE8A23700ADDC8E /* NetworksManager.swift in Sources */ = {isa = PBXBuildFile; fileRef = 05F0D5552CE8A23700ADDC8E /* NetworksManager.swift */; };
		05F0D5582CEA15CE00ADDC8E /* HoldingsCellViewModel.swift in Sources */ = {isa = PBXBuildFile; fileRef = 05F0D5572CEA15CE00ADDC8E /* HoldingsCellViewModel.swift */; };
		05F0D55A2CEA160D00ADDC8E /* HoldingsModel.swift in Sources */ = {isa = PBXBuildFile; fileRef = 05F0D5592CEA160D00ADDC8E /* HoldingsModel.swift */; };
		05F0D5602CEA3AD000ADDC8E /* HoldingsManagerViewModelTests.swift in Sources */ = {isa = PBXBuildFile; fileRef = 05F0D55F2CEA3AD000ADDC8E /* HoldingsManagerViewModelTests.swift */; };
/* End PBXBuildFile section */

/* Begin PBXContainerItemProxy section */
		05F0D5312CE896F500ADDC8E /* PBXContainerItemProxy */ = {
			isa = PBXContainerItemProxy;
			containerPortal = 05F0D5122CE896F200ADDC8E /* Project object */;
			proxyType = 1;
			remoteGlobalIDString = 05F0D5192CE896F200ADDC8E;
			remoteInfo = HoldingsManager;
		};
		05F0D53B2CE896F500ADDC8E /* PBXContainerItemProxy */ = {
			isa = PBXContainerItemProxy;
			containerPortal = 05F0D5122CE896F200ADDC8E /* Project object */;
			proxyType = 1;
			remoteGlobalIDString = 05F0D5192CE896F200ADDC8E;
			remoteInfo = HoldingsManager;
		};
/* End PBXContainerItemProxy section */

/* Begin PBXFileReference section */
		05F0D51A2CE896F200ADDC8E /* HoldingsManager.app */ = {isa = PBXFileReference; explicitFileType = wrapper.application; includeInIndex = 0; path = HoldingsManager.app; sourceTree = BUILT_PRODUCTS_DIR; };
		05F0D51D2CE896F200ADDC8E /* AppDelegate.swift */ = {isa = PBXFileReference; lastKnownFileType = sourcecode.swift; path = AppDelegate.swift; sourceTree = "<group>"; };
		05F0D51F2CE896F200ADDC8E /* SceneDelegate.swift */ = {isa = PBXFileReference; lastKnownFileType = sourcecode.swift; path = SceneDelegate.swift; sourceTree = "<group>"; };
		05F0D5242CE896F200ADDC8E /* Base */ = {isa = PBXFileReference; lastKnownFileType = file.storyboard; name = Base; path = Base.lproj/Main.storyboard; sourceTree = "<group>"; };
		05F0D5262CE896F400ADDC8E /* Assets.xcassets */ = {isa = PBXFileReference; lastKnownFileType = folder.assetcatalog; path = Assets.xcassets; sourceTree = "<group>"; };
		05F0D5292CE896F400ADDC8E /* Base */ = {isa = PBXFileReference; lastKnownFileType = file.storyboard; name = Base; path = Base.lproj/LaunchScreen.storyboard; sourceTree = "<group>"; };
		05F0D52B2CE896F400ADDC8E /* Info.plist */ = {isa = PBXFileReference; lastKnownFileType = text.plist.xml; path = Info.plist; sourceTree = "<group>"; };
		05F0D5302CE896F500ADDC8E /* HoldingsManagerTests.xctest */ = {isa = PBXFileReference; explicitFileType = wrapper.cfbundle; includeInIndex = 0; path = HoldingsManagerTests.xctest; sourceTree = BUILT_PRODUCTS_DIR; };
		05F0D5342CE896F500ADDC8E /* HoldingsManagerTests.swift */ = {isa = PBXFileReference; lastKnownFileType = sourcecode.swift; path = HoldingsManagerTests.swift; sourceTree = "<group>"; };
		05F0D53A2CE896F500ADDC8E /* HoldingsManagerUITests.xctest */ = {isa = PBXFileReference; explicitFileType = wrapper.cfbundle; includeInIndex = 0; path = HoldingsManagerUITests.xctest; sourceTree = BUILT_PRODUCTS_DIR; };
		05F0D53E2CE896F500ADDC8E /* HoldingsManagerUITests.swift */ = {isa = PBXFileReference; lastKnownFileType = sourcecode.swift; path = HoldingsManagerUITests.swift; sourceTree = "<group>"; };
		05F0D5402CE896F500ADDC8E /* HoldingsManagerUITestsLaunchTests.swift */ = {isa = PBXFileReference; lastKnownFileType = sourcecode.swift; path = HoldingsManagerUITestsLaunchTests.swift; sourceTree = "<group>"; };
		05F0D54D2CE8A16500ADDC8E /* HoldingsManagerViewController.swift */ = {isa = PBXFileReference; lastKnownFileType = sourcecode.swift; path = HoldingsManagerViewController.swift; sourceTree = "<group>"; };
		05F0D54F2CE8A16F00ADDC8E /* HoldingsManagerViewModel.swift */ = {isa = PBXFileReference; lastKnownFileType = sourcecode.swift; path = HoldingsManagerViewModel.swift; sourceTree = "<group>"; };
		05F0D5512CE8A18B00ADDC8E /* HoldingsValueBottomsheet.swift */ = {isa = PBXFileReference; lastKnownFileType = sourcecode.swift; path = HoldingsValueBottomsheet.swift; sourceTree = "<group>"; };
		05F0D5532CE8A19F00ADDC8E /* HoldingsCell.swift */ = {isa = PBXFileReference; lastKnownFileType = sourcecode.swift; path = HoldingsCell.swift; sourceTree = "<group>"; };
		05F0D5552CE8A23700ADDC8E /* NetworksManager.swift */ = {isa = PBXFileReference; lastKnownFileType = sourcecode.swift; path = NetworksManager.swift; sourceTree = "<group>"; };
		05F0D5572CEA15CE00ADDC8E /* HoldingsCellViewModel.swift */ = {isa = PBXFileReference; lastKnownFileType = sourcecode.swift; path = HoldingsCellViewModel.swift; sourceTree = "<group>"; };
		05F0D5592CEA160D00ADDC8E /* HoldingsModel.swift */ = {isa = PBXFileReference; lastKnownFileType = sourcecode.swift; path = HoldingsModel.swift; sourceTree = "<group>"; };
		05F0D55F2CEA3AD000ADDC8E /* HoldingsManagerViewModelTests.swift */ = {isa = PBXFileReference; lastKnownFileType = sourcecode.swift; path = HoldingsManagerViewModelTests.swift; sourceTree = "<group>"; };
/* End PBXFileReference section */

/* Begin PBXFrameworksBuildPhase section */
		05F0D5172CE896F200ADDC8E /* Frameworks */ = {
			isa = PBXFrameworksBuildPhase;
			buildActionMask = 2147483647;
			files = (
			);
			runOnlyForDeploymentPostprocessing = 0;
		};
		05F0D52D2CE896F500ADDC8E /* Frameworks */ = {
			isa = PBXFrameworksBuildPhase;
			buildActionMask = 2147483647;
			files = (
			);
			runOnlyForDeploymentPostprocessing = 0;
		};
		05F0D5372CE896F500ADDC8E /* Frameworks */ = {
			isa = PBXFrameworksBuildPhase;
			buildActionMask = 2147483647;
			files = (
			);
			runOnlyForDeploymentPostprocessing = 0;
		};
/* End PBXFrameworksBuildPhase section */

/* Begin PBXGroup section */
		05F0D5112CE896F200ADDC8E = {
			isa = PBXGroup;
			children = (
				05F0D51C2CE896F200ADDC8E /* HoldingsManager */,
				05F0D5332CE896F500ADDC8E /* HoldingsManagerTests */,
				05F0D53D2CE896F500ADDC8E /* HoldingsManagerUITests */,
				05F0D51B2CE896F200ADDC8E /* Products */,
			);
			sourceTree = "<group>";
		};
		05F0D51B2CE896F200ADDC8E /* Products */ = {
			isa = PBXGroup;
			children = (
				05F0D51A2CE896F200ADDC8E /* HoldingsManager.app */,
				05F0D5302CE896F500ADDC8E /* HoldingsManagerTests.xctest */,
				05F0D53A2CE896F500ADDC8E /* HoldingsManagerUITests.xctest */,
			);
			name = Products;
			sourceTree = "<group>";
		};
		05F0D51C2CE896F200ADDC8E /* HoldingsManager */ = {
			isa = PBXGroup;
			children = (
				05F0D55E2CEA166D00ADDC8E /* NetworkManager */,
				05F0D55D2CEA165C00ADDC8E /* ViewModel */,
				05F0D55C2CEA163A00ADDC8E /* View */,
				05F0D55B2CEA162600ADDC8E /* Model */,
				05F0D51D2CE896F200ADDC8E /* AppDelegate.swift */,
				05F0D51F2CE896F200ADDC8E /* SceneDelegate.swift */,
				05F0D5232CE896F200ADDC8E /* Main.storyboard */,
				05F0D5262CE896F400ADDC8E /* Assets.xcassets */,
				05F0D5282CE896F400ADDC8E /* LaunchScreen.storyboard */,
				05F0D52B2CE896F400ADDC8E /* Info.plist */,
			);
			path = HoldingsManager;
			sourceTree = "<group>";
		};
		05F0D5332CE896F500ADDC8E /* HoldingsManagerTests */ = {
			isa = PBXGroup;
			children = (
				05F0D5342CE896F500ADDC8E /* HoldingsManagerTests.swift */,
				05F0D55F2CEA3AD000ADDC8E /* HoldingsManagerViewModelTests.swift */,
			);
			path = HoldingsManagerTests;
			sourceTree = "<group>";
		};
		05F0D53D2CE896F500ADDC8E /* HoldingsManagerUITests */ = {
			isa = PBXGroup;
			children = (
				05F0D53E2CE896F500ADDC8E /* HoldingsManagerUITests.swift */,
				05F0D5402CE896F500ADDC8E /* HoldingsManagerUITestsLaunchTests.swift */,
			);
			path = HoldingsManagerUITests;
			sourceTree = "<group>";
		};
		05F0D55B2CEA162600ADDC8E /* Model */ = {
			isa = PBXGroup;
			children = (
				05F0D5592CEA160D00ADDC8E /* HoldingsModel.swift */,
			);
			path = Model;
			sourceTree = "<group>";
		};
		05F0D55C2CEA163A00ADDC8E /* View */ = {
			isa = PBXGroup;
			children = (
				05F0D5512CE8A18B00ADDC8E /* HoldingsValueBottomsheet.swift */,
				05F0D54D2CE8A16500ADDC8E /* HoldingsManagerViewController.swift */,
				05F0D5532CE8A19F00ADDC8E /* HoldingsCell.swift */,
			);
			path = View;
			sourceTree = "<group>";
		};
		05F0D55D2CEA165C00ADDC8E /* ViewModel */ = {
			isa = PBXGroup;
			children = (
				05F0D54F2CE8A16F00ADDC8E /* HoldingsManagerViewModel.swift */,
				05F0D5572CEA15CE00ADDC8E /* HoldingsCellViewModel.swift */,
			);
			path = ViewModel;
			sourceTree = "<group>";
		};
		05F0D55E2CEA166D00ADDC8E /* NetworkManager */ = {
			isa = PBXGroup;
			children = (
				05F0D5552CE8A23700ADDC8E /* NetworksManager.swift */,
			);
			path = NetworkManager;
			sourceTree = "<group>";
		};
/* End PBXGroup section */

/* Begin PBXNativeTarget section */
		05F0D5192CE896F200ADDC8E /* HoldingsManager */ = {
			isa = PBXNativeTarget;
			buildConfigurationList = 05F0D5442CE896F500ADDC8E /* Build configuration list for PBXNativeTarget "HoldingsManager" */;
			buildPhases = (
				05F0D5162CE896F200ADDC8E /* Sources */,
				05F0D5172CE896F200ADDC8E /* Frameworks */,
				05F0D5182CE896F200ADDC8E /* Resources */,
			);
			buildRules = (
			);
			dependencies = (
			);
			name = HoldingsManager;
			productName = HoldingsManager;
			productReference = 05F0D51A2CE896F200ADDC8E /* HoldingsManager.app */;
			productType = "com.apple.product-type.application";
		};
		05F0D52F2CE896F500ADDC8E /* HoldingsManagerTests */ = {
			isa = PBXNativeTarget;
			buildConfigurationList = 05F0D5472CE896F500ADDC8E /* Build configuration list for PBXNativeTarget "HoldingsManagerTests" */;
			buildPhases = (
				05F0D52C2CE896F500ADDC8E /* Sources */,
				05F0D52D2CE896F500ADDC8E /* Frameworks */,
				05F0D52E2CE896F500ADDC8E /* Resources */,
			);
			buildRules = (
			);
			dependencies = (
				05F0D5322CE896F500ADDC8E /* PBXTargetDependency */,
			);
			name = HoldingsManagerTests;
			productName = HoldingsManagerTests;
			productReference = 05F0D5302CE896F500ADDC8E /* HoldingsManagerTests.xctest */;
			productType = "com.apple.product-type.bundle.unit-test";
		};
		05F0D5392CE896F500ADDC8E /* HoldingsManagerUITests */ = {
			isa = PBXNativeTarget;
			buildConfigurationList = 05F0D54A2CE896F500ADDC8E /* Build configuration list for PBXNativeTarget "HoldingsManagerUITests" */;
			buildPhases = (
				05F0D5362CE896F500ADDC8E /* Sources */,
				05F0D5372CE896F500ADDC8E /* Frameworks */,
				05F0D5382CE896F500ADDC8E /* Resources */,
			);
			buildRules = (
			);
			dependencies = (
				05F0D53C2CE896F500ADDC8E /* PBXTargetDependency */,
			);
			name = HoldingsManagerUITests;
			productName = HoldingsManagerUITests;
			productReference = 05F0D53A2CE896F500ADDC8E /* HoldingsManagerUITests.xctest */;
			productType = "com.apple.product-type.bundle.ui-testing";
		};
/* End PBXNativeTarget section */

/* Begin PBXProject section */
		05F0D5122CE896F200ADDC8E /* Project object */ = {
			isa = PBXProject;
			attributes = {
				BuildIndependentTargetsInParallel = 1;
				LastSwiftUpdateCheck = 1540;
				LastUpgradeCheck = 1540;
				TargetAttributes = {
					05F0D5192CE896F200ADDC8E = {
						CreatedOnToolsVersion = 15.4;
					};
					05F0D52F2CE896F500ADDC8E = {
						CreatedOnToolsVersion = 15.4;
						TestTargetID = 05F0D5192CE896F200ADDC8E;
					};
					05F0D5392CE896F500ADDC8E = {
						CreatedOnToolsVersion = 15.4;
						TestTargetID = 05F0D5192CE896F200ADDC8E;
					};
				};
			};
			buildConfigurationList = 05F0D5152CE896F200ADDC8E /* Build configuration list for PBXProject "HoldingsManager" */;
			compatibilityVersion = "Xcode 14.0";
			developmentRegion = en;
			hasScannedForEncodings = 0;
			knownRegions = (
				en,
				Base,
			);
			mainGroup = 05F0D5112CE896F200ADDC8E;
			productRefGroup = 05F0D51B2CE896F200ADDC8E /* Products */;
			projectDirPath = "";
			projectRoot = "";
			targets = (
				05F0D5192CE896F200ADDC8E /* HoldingsManager */,
				05F0D52F2CE896F500ADDC8E /* HoldingsManagerTests */,
				05F0D5392CE896F500ADDC8E /* HoldingsManagerUITests */,
			);
		};
/* End PBXProject section */

/* Begin PBXResourcesBuildPhase section */
		05F0D5182CE896F200ADDC8E /* Resources */ = {
			isa = PBXResourcesBuildPhase;
			buildActionMask = 2147483647;
			files = (
				05F0D5272CE896F400ADDC8E /* Assets.xcassets in Resources */,
				05F0D52A2CE896F400ADDC8E /* Base in Resources */,
				05F0D5252CE896F200ADDC8E /* Base in Resources */,
			);
			runOnlyForDeploymentPostprocessing = 0;
		};
		05F0D52E2CE896F500ADDC8E /* Resources */ = {
			isa = PBXResourcesBuildPhase;
			buildActionMask = 2147483647;
			files = (
			);
			runOnlyForDeploymentPostprocessing = 0;
		};
		05F0D5382CE896F500ADDC8E /* Resources */ = {
			isa = PBXResourcesBuildPhase;
			buildActionMask = 2147483647;
			files = (
			);
			runOnlyForDeploymentPostprocessing = 0;
		};
/* End PBXResourcesBuildPhase section */

/* Begin PBXSourcesBuildPhase section */
		05F0D5162CE896F200ADDC8E /* Sources */ = {
			isa = PBXSourcesBuildPhase;
			buildActionMask = 2147483647;
			files = (
				05F0D5522CE8A18B00ADDC8E /* HoldingsValueBottomsheet.swift in Sources */,
				05F0D5562CE8A23700ADDC8E /* NetworksManager.swift in Sources */,
				05F0D5582CEA15CE00ADDC8E /* HoldingsCellViewModel.swift in Sources */,
				05F0D5542CE8A19F00ADDC8E /* HoldingsCell.swift in Sources */,
				05F0D5502CE8A16F00ADDC8E /* HoldingsManagerViewModel.swift in Sources */,
				05F0D51E2CE896F200ADDC8E /* AppDelegate.swift in Sources */,
				05F0D55A2CEA160D00ADDC8E /* HoldingsModel.swift in Sources */,
				05F0D54E2CE8A16500ADDC8E /* HoldingsManagerViewController.swift in Sources */,
				05F0D5202CE896F200ADDC8E /* SceneDelegate.swift in Sources */,
			);
			runOnlyForDeploymentPostprocessing = 0;
		};
		05F0D52C2CE896F500ADDC8E /* Sources */ = {
			isa = PBXSourcesBuildPhase;
			buildActionMask = 2147483647;
			files = (
				05F0D5602CEA3AD000ADDC8E /* HoldingsManagerViewModelTests.swift in Sources */,
				05F0D5352CE896F500ADDC8E /* HoldingsManagerTests.swift in Sources */,
			);
			runOnlyForDeploymentPostprocessing = 0;
		};
		05F0D5362CE896F500ADDC8E /* Sources */ = {
			isa = PBXSourcesBuildPhase;
			buildActionMask = 2147483647;
			files = (
				05F0D5412CE896F500ADDC8E /* HoldingsManagerUITestsLaunchTests.swift in Sources */,
				05F0D53F2CE896F500ADDC8E /* HoldingsManagerUITests.swift in Sources */,
			);
			runOnlyForDeploymentPostprocessing = 0;
		};
/* End PBXSourcesBuildPhase section */

/* Begin PBXTargetDependency section */
		05F0D5322CE896F500ADDC8E /* PBXTargetDependency */ = {
			isa = PBXTargetDependency;
			target = 05F0D5192CE896F200ADDC8E /* HoldingsManager */;
			targetProxy = 05F0D5312CE896F500ADDC8E /* PBXContainerItemProxy */;
		};
		05F0D53C2CE896F500ADDC8E /* PBXTargetDependency */ = {
			isa = PBXTargetDependency;
			target = 05F0D5192CE896F200ADDC8E /* HoldingsManager */;
			targetProxy = 05F0D53B2CE896F500ADDC8E /* PBXContainerItemProxy */;
		};
/* End PBXTargetDependency section */

/* Begin PBXVariantGroup section */
		05F0D5232CE896F200ADDC8E /* Main.storyboard */ = {
			isa = PBXVariantGroup;
			children = (
				05F0D5242CE896F200ADDC8E /* Base */,
			);
			name = Main.storyboard;
			sourceTree = "<group>";
		};
		05F0D5282CE896F400ADDC8E /* LaunchScreen.storyboard */ = {
			isa = PBXVariantGroup;
			children = (
				05F0D5292CE896F400ADDC8E /* Base */,
			);
			name = LaunchScreen.storyboard;
			sourceTree = "<group>";
		};
/* End PBXVariantGroup section */

/* Begin XCBuildConfiguration section */
		05F0D5422CE896F500ADDC8E /* Debug */ = {
			isa = XCBuildConfiguration;
			buildSettings = {
				ALWAYS_SEARCH_USER_PATHS = NO;
				ASSETCATALOG_COMPILER_GENERATE_SWIFT_ASSET_SYMBOL_EXTENSIONS = YES;
				CLANG_ANALYZER_NONNULL = YES;
				CLANG_ANALYZER_NUMBER_OBJECT_CONVERSION = YES_AGGRESSIVE;
				CLANG_CXX_LANGUAGE_STANDARD = "gnu++20";
				CLANG_ENABLE_MODULES = YES;
				CLANG_ENABLE_OBJC_ARC = YES;
				CLANG_ENABLE_OBJC_WEAK = YES;
				CLANG_WARN_BLOCK_CAPTURE_AUTORELEASING = YES;
				CLANG_WARN_BOOL_CONVERSION = YES;
				CLANG_WARN_COMMA = YES;
				CLANG_WARN_CONSTANT_CONVERSION = YES;
				CLANG_WARN_DEPRECATED_OBJC_IMPLEMENTATIONS = YES;
				CLANG_WARN_DIRECT_OBJC_ISA_USAGE = YES_ERROR;
				CLANG_WARN_DOCUMENTATION_COMMENTS = YES;
				CLANG_WARN_EMPTY_BODY = YES;
				CLANG_WARN_ENUM_CONVERSION = YES;
				CLANG_WARN_INFINITE_RECURSION = YES;
				CLANG_WARN_INT_CONVERSION = YES;
				CLANG_WARN_NON_LITERAL_NULL_CONVERSION = YES;
				CLANG_WARN_OBJC_IMPLICIT_RETAIN_SELF = YES;
				CLANG_WARN_OBJC_LITERAL_CONVERSION = YES;
				CLANG_WARN_OBJC_ROOT_CLASS = YES_ERROR;
				CLANG_WARN_QUOTED_INCLUDE_IN_FRAMEWORK_HEADER = YES;
				CLANG_WARN_RANGE_LOOP_ANALYSIS = YES;
				CLANG_WARN_STRICT_PROTOTYPES = YES;
				CLANG_WARN_SUSPICIOUS_MOVE = YES;
				CLANG_WARN_UNGUARDED_AVAILABILITY = YES_AGGRESSIVE;
				CLANG_WARN_UNREACHABLE_CODE = YES;
				CLANG_WARN__DUPLICATE_METHOD_MATCH = YES;
				COPY_PHASE_STRIP = NO;
				DEBUG_INFORMATION_FORMAT = dwarf;
				ENABLE_STRICT_OBJC_MSGSEND = YES;
				ENABLE_TESTABILITY = YES;
				ENABLE_USER_SCRIPT_SANDBOXING = YES;
				GCC_C_LANGUAGE_STANDARD = gnu17;
				GCC_DYNAMIC_NO_PIC = NO;
				GCC_NO_COMMON_BLOCKS = YES;
				GCC_OPTIMIZATION_LEVEL = 0;
				GCC_PREPROCESSOR_DEFINITIONS = (
					"DEBUG=1",
					"$(inherited)",
				);
				GCC_WARN_64_TO_32_BIT_CONVERSION = YES;
				GCC_WARN_ABOUT_RETURN_TYPE = YES_ERROR;
				GCC_WARN_UNDECLARED_SELECTOR = YES;
				GCC_WARN_UNINITIALIZED_AUTOS = YES_AGGRESSIVE;
				GCC_WARN_UNUSED_FUNCTION = YES;
				GCC_WARN_UNUSED_VARIABLE = YES;
				IPHONEOS_DEPLOYMENT_TARGET = 17.5;
				LOCALIZATION_PREFERS_STRING_CATALOGS = YES;
				MTL_ENABLE_DEBUG_INFO = INCLUDE_SOURCE;
				MTL_FAST_MATH = YES;
				ONLY_ACTIVE_ARCH = YES;
				SDKROOT = iphoneos;
				SWIFT_ACTIVE_COMPILATION_CONDITIONS = "DEBUG $(inherited)";
				SWIFT_OPTIMIZATION_LEVEL = "-Onone";
			};
			name = Debug;
		};
		05F0D5432CE896F500ADDC8E /* Release */ = {
			isa = XCBuildConfiguration;
			buildSettings = {
				ALWAYS_SEARCH_USER_PATHS = NO;
				ASSETCATALOG_COMPILER_GENERATE_SWIFT_ASSET_SYMBOL_EXTENSIONS = YES;
				CLANG_ANALYZER_NONNULL = YES;
				CLANG_ANALYZER_NUMBER_OBJECT_CONVERSION = YES_AGGRESSIVE;
				CLANG_CXX_LANGUAGE_STANDARD = "gnu++20";
				CLANG_ENABLE_MODULES = YES;
				CLANG_ENABLE_OBJC_ARC = YES;
				CLANG_ENABLE_OBJC_WEAK = YES;
				CLANG_WARN_BLOCK_CAPTURE_AUTORELEASING = YES;
				CLANG_WARN_BOOL_CONVERSION = YES;
				CLANG_WARN_COMMA = YES;
				CLANG_WARN_CONSTANT_CONVERSION = YES;
				CLANG_WARN_DEPRECATED_OBJC_IMPLEMENTATIONS = YES;
				CLANG_WARN_DIRECT_OBJC_ISA_USAGE = YES_ERROR;
				CLANG_WARN_DOCUMENTATION_COMMENTS = YES;
				CLANG_WARN_EMPTY_BODY = YES;
				CLANG_WARN_ENUM_CONVERSION = YES;
				CLANG_WARN_INFINITE_RECURSION = YES;
				CLANG_WARN_INT_CONVERSION = YES;
				CLANG_WARN_NON_LITERAL_NULL_CONVERSION = YES;
				CLANG_WARN_OBJC_IMPLICIT_RETAIN_SELF = YES;
				CLANG_WARN_OBJC_LITERAL_CONVERSION = YES;
				CLANG_WARN_OBJC_ROOT_CLASS = YES_ERROR;
				CLANG_WARN_QUOTED_INCLUDE_IN_FRAMEWORK_HEADER = YES;
				CLANG_WARN_RANGE_LOOP_ANALYSIS = YES;
				CLANG_WARN_STRICT_PROTOTYPES = YES;
				CLANG_WARN_SUSPICIOUS_MOVE = YES;
				CLANG_WARN_UNGUARDED_AVAILABILITY = YES_AGGRESSIVE;
				CLANG_WARN_UNREACHABLE_CODE = YES;
				CLANG_WARN__DUPLICATE_METHOD_MATCH = YES;
				COPY_PHASE_STRIP = NO;
				DEBUG_INFORMATION_FORMAT = "dwarf-with-dsym";
				ENABLE_NS_ASSERTIONS = NO;
				ENABLE_STRICT_OBJC_MSGSEND = YES;
				ENABLE_USER_SCRIPT_SANDBOXING = YES;
				GCC_C_LANGUAGE_STANDARD = gnu17;
				GCC_NO_COMMON_BLOCKS = YES;
				GCC_WARN_64_TO_32_BIT_CONVERSION = YES;
				GCC_WARN_ABOUT_RETURN_TYPE = YES_ERROR;
				GCC_WARN_UNDECLARED_SELECTOR = YES;
				GCC_WARN_UNINITIALIZED_AUTOS = YES_AGGRESSIVE;
				GCC_WARN_UNUSED_FUNCTION = YES;
				GCC_WARN_UNUSED_VARIABLE = YES;
				IPHONEOS_DEPLOYMENT_TARGET = 17.5;
				LOCALIZATION_PREFERS_STRING_CATALOGS = YES;
				MTL_ENABLE_DEBUG_INFO = NO;
				MTL_FAST_MATH = YES;
				SDKROOT = iphoneos;
				SWIFT_COMPILATION_MODE = wholemodule;
				VALIDATE_PRODUCT = YES;
			};
			name = Release;
		};
		05F0D5452CE896F500ADDC8E /* Debug */ = {
			isa = XCBuildConfiguration;
			buildSettings = {
				ASSETCATALOG_COMPILER_APPICON_NAME = AppIcon;
				ASSETCATALOG_COMPILER_GLOBAL_ACCENT_COLOR_NAME = AccentColor;
				CODE_SIGN_STYLE = Automatic;
				CURRENT_PROJECT_VERSION = 1;
				GENERATE_INFOPLIST_FILE = YES;
				INFOPLIST_FILE = HoldingsManager/Info.plist;
				INFOPLIST_KEY_UIApplicationSupportsIndirectInputEvents = YES;
				INFOPLIST_KEY_UILaunchStoryboardName = LaunchScreen;
				INFOPLIST_KEY_UIMainStoryboardFile = Main;
				INFOPLIST_KEY_UISupportedInterfaceOrientations_iPad = "UIInterfaceOrientationPortrait UIInterfaceOrientationPortraitUpsideDown UIInterfaceOrientationLandscapeLeft UIInterfaceOrientationLandscapeRight";
				INFOPLIST_KEY_UISupportedInterfaceOrientations_iPhone = "UIInterfaceOrientationPortrait UIInterfaceOrientationLandscapeLeft UIInterfaceOrientationLandscapeRight";
				LD_RUNPATH_SEARCH_PATHS = (
					"$(inherited)",
					"@executable_path/Frameworks",
				);
				MARKETING_VERSION = 1.0;
				PRODUCT_BUNDLE_IDENTIFIER = Apoorv.HoldingsManager;
				PRODUCT_NAME = "$(TARGET_NAME)";
				SWIFT_EMIT_LOC_STRINGS = YES;
				SWIFT_VERSION = 5.0;
				TARGETED_DEVICE_FAMILY = "1,2";
			};
			name = Debug;
		};
		05F0D5462CE896F500ADDC8E /* Release */ = {
			isa = XCBuildConfiguration;
			buildSettings = {
				ASSETCATALOG_COMPILER_APPICON_NAME = AppIcon;
				ASSETCATALOG_COMPILER_GLOBAL_ACCENT_COLOR_NAME = AccentColor;
				CODE_SIGN_STYLE = Automatic;
				CURRENT_PROJECT_VERSION = 1;
				GENERATE_INFOPLIST_FILE = YES;
				INFOPLIST_FILE = HoldingsManager/Info.plist;
				INFOPLIST_KEY_UIApplicationSupportsIndirectInputEvents = YES;
				INFOPLIST_KEY_UILaunchStoryboardName = LaunchScreen;
				INFOPLIST_KEY_UIMainStoryboardFile = Main;
				INFOPLIST_KEY_UISupportedInterfaceOrientations_iPad = "UIInterfaceOrientationPortrait UIInterfaceOrientationPortraitUpsideDown UIInterfaceOrientationLandscapeLeft UIInterfaceOrientationLandscapeRight";
				INFOPLIST_KEY_UISupportedInterfaceOrientations_iPhone = "UIInterfaceOrientationPortrait UIInterfaceOrientationLandscapeLeft UIInterfaceOrientationLandscapeRight";
				LD_RUNPATH_SEARCH_PATHS = (
					"$(inherited)",
					"@executable_path/Frameworks",
				);
				MARKETING_VERSION = 1.0;
				PRODUCT_BUNDLE_IDENTIFIER = Apoorv.HoldingsManager;
				PRODUCT_NAME = "$(TARGET_NAME)";
				SWIFT_EMIT_LOC_STRINGS = YES;
				SWIFT_VERSION = 5.0;
				TARGETED_DEVICE_FAMILY = "1,2";
			};
			name = Release;
		};
		05F0D5482CE896F500ADDC8E /* Debug */ = {
			isa = XCBuildConfiguration;
			buildSettings = {
				ALWAYS_EMBED_SWIFT_STANDARD_LIBRARIES = YES;
				BUNDLE_LOADER = "$(TEST_HOST)";
				CODE_SIGN_STYLE = Automatic;
				CURRENT_PROJECT_VERSION = 1;
				GENERATE_INFOPLIST_FILE = YES;
				IPHONEOS_DEPLOYMENT_TARGET = 17.5;
				MARKETING_VERSION = 1.0;
				PRODUCT_BUNDLE_IDENTIFIER = Apoorv.HoldingsManagerTests;
				PRODUCT_NAME = "$(TARGET_NAME)";
				SWIFT_EMIT_LOC_STRINGS = NO;
				SWIFT_VERSION = 5.0;
				TARGETED_DEVICE_FAMILY = "1,2";
				TEST_HOST = "$(BUILT_PRODUCTS_DIR)/HoldingsManager.app/$(BUNDLE_EXECUTABLE_FOLDER_PATH)/HoldingsManager";
			};
			name = Debug;
		};
		05F0D5492CE896F500ADDC8E /* Release */ = {
			isa = XCBuildConfiguration;
			buildSettings = {
				ALWAYS_EMBED_SWIFT_STANDARD_LIBRARIES = YES;
				BUNDLE_LOADER = "$(TEST_HOST)";
				CODE_SIGN_STYLE = Automatic;
				CURRENT_PROJECT_VERSION = 1;
				GENERATE_INFOPLIST_FILE = YES;
				IPHONEOS_DEPLOYMENT_TARGET = 17.5;
				MARKETING_VERSION = 1.0;
				PRODUCT_BUNDLE_IDENTIFIER = Apoorv.HoldingsManagerTests;
				PRODUCT_NAME = "$(TARGET_NAME)";
				SWIFT_EMIT_LOC_STRINGS = NO;
				SWIFT_VERSION = 5.0;
				TARGETED_DEVICE_FAMILY = "1,2";
				TEST_HOST = "$(BUILT_PRODUCTS_DIR)/HoldingsManager.app/$(BUNDLE_EXECUTABLE_FOLDER_PATH)/HoldingsManager";
			};
			name = Release;
		};
		05F0D54B2CE896F500ADDC8E /* Debug */ = {
			isa = XCBuildConfiguration;
			buildSettings = {
				ALWAYS_EMBED_SWIFT_STANDARD_LIBRARIES = YES;
				CODE_SIGN_STYLE = Automatic;
				CURRENT_PROJECT_VERSION = 1;
				GENERATE_INFOPLIST_FILE = YES;
				MARKETING_VERSION = 1.0;
				PRODUCT_BUNDLE_IDENTIFIER = Apoorv.HoldingsManagerUITests;
				PRODUCT_NAME = "$(TARGET_NAME)";
				SWIFT_EMIT_LOC_STRINGS = NO;
				SWIFT_VERSION = 5.0;
				TARGETED_DEVICE_FAMILY = "1,2";
				TEST_TARGET_NAME = HoldingsManager;
			};
			name = Debug;
		};
		05F0D54C2CE896F500ADDC8E /* Release */ = {
			isa = XCBuildConfiguration;
			buildSettings = {
				ALWAYS_EMBED_SWIFT_STANDARD_LIBRARIES = YES;
				CODE_SIGN_STYLE = Automatic;
				CURRENT_PROJECT_VERSION = 1;
				GENERATE_INFOPLIST_FILE = YES;
				MARKETING_VERSION = 1.0;
				PRODUCT_BUNDLE_IDENTIFIER = Apoorv.HoldingsManagerUITests;
				PRODUCT_NAME = "$(TARGET_NAME)";
				SWIFT_EMIT_LOC_STRINGS = NO;
				SWIFT_VERSION = 5.0;
				TARGETED_DEVICE_FAMILY = "1,2";
				TEST_TARGET_NAME = HoldingsManager;
			};
			name = Release;
		};
/* End XCBuildConfiguration section */

/* Begin XCConfigurationList section */
		05F0D5152CE896F200ADDC8E /* Build configuration list for PBXProject "HoldingsManager" */ = {
			isa = XCConfigurationList;
			buildConfigurations = (
				05F0D5422CE896F500ADDC8E /* Debug */,
				05F0D5432CE896F500ADDC8E /* Release */,
			);
			defaultConfigurationIsVisible = 0;
			defaultConfigurationName = Release;
		};
		05F0D5442CE896F500ADDC8E /* Build configuration list for PBXNativeTarget "HoldingsManager" */ = {
			isa = XCConfigurationList;
			buildConfigurations = (
				05F0D5452CE896F500ADDC8E /* Debug */,
				05F0D5462CE896F500ADDC8E /* Release */,
			);
			defaultConfigurationIsVisible = 0;
			defaultConfigurationName = Release;
		};
		05F0D5472CE896F500ADDC8E /* Build configuration list for PBXNativeTarget "HoldingsManagerTests" */ = {
			isa = XCConfigurationList;
			buildConfigurations = (
				05F0D5482CE896F500ADDC8E /* Debug */,
				05F0D5492CE896F500ADDC8E /* Release */,
			);
			defaultConfigurationIsVisible = 0;
			defaultConfigurationName = Release;
		};
		05F0D54A2CE896F500ADDC8E /* Build configuration list for PBXNativeTarget "HoldingsManagerUITests" */ = {
			isa = XCConfigurationList;
			buildConfigurations = (
				05F0D54B2CE896F500ADDC8E /* Debug */,
				05F0D54C2CE896F500ADDC8E /* Release */,
			);
			defaultConfigurationIsVisible = 0;
			defaultConfigurationName = Release;
		};
/* End XCConfigurationList section */
	};
	rootObject = 05F0D5122CE896F200ADDC8E /* Project object */;
}
